
Microsoft Visual Studio Solution File, Format Version 12.00
# Visual Studio Version 16
VisualStudioVersion = 16.0.31005.135
MinimumVisualStudioVersion = 10.0.40219.1
Project("{FAE04EC0-301F-11D3-BF4B-00C04F79EFBC}") = "ImageGame", "ImageGame\ImageGame.csproj", "{869C368D-36A0-444E-A2BC-2D9D1A27BAF3}"
EndProject
Global
	GlobalSection(SolutionConfigurationPlatforms) = preSolution
		Debug|Any CPU = Debug|Any CPU
		Release|Any CPU = Release|Any CPU
	EndGlobalSection
	GlobalSection(ProjectConfigurationPlatforms) = postSolution
		{869C368D-36A0-444E-A2BC-2D9D1A27BAF3}.Debug|Any CPU.ActiveCfg = Debug|Any CPU
		{869C368D-36A0-444E-A2BC-2D9D1A27BAF3}.Debug|Any CPU.Build.0 = Debug|Any CPU
		{869C368D-36A0-444E-A2BC-2D9D1A27BAF3}.Release|Any CPU.ActiveCfg = Release|Any CPU
		{869C368D-36A0-444E-A2BC-2D9D1A27BAF3}.Release|Any CPU.Build.0 = Release|Any CPU
	EndGlobalSection
	GlobalSection(SolutionProperties) = preSolution
		HideSolutionNode = FALSE
	EndGlobalSection
	GlobalSection(ExtensibilityGlobals) = postSolution
		SolutionGuid = {ECD12C49-166E-48D0-AB6E-D048EC8B4561}
	EndGlobalSection
EndGlobal
